<?xml version="1.0" encoding="UTF-8" standalone="yes" ?>
<CodeBlocks_project_file>
	<FileVersion major="1" minor="6" />
	<Project>
		<Option title="tetris" />
		<Option pch_mode="2" />
		<Option compiler="gcc" />
		<Build>
			<Target title="Debug">
				<Option output="bin/Debug/tetris" prefix_auto="1" extension_auto="1" />
				<Option object_output="obj/Debug/" />
				<Option type="1" />
				<Option compiler="gcc" />
				<Compiler>
					<Add option="-g" />
					<Add directory="D:/C++/SDL2-2.0.8/i686-w64-mingw32/include" />
					<Add directory="include" />
					<Add directory="Tetrisv1.6/include" />
				</Compiler>
				<Linker>
					<Add option="-lmingw32 -lSDL2main -lSDL2" />
					<Add directory="D:/C++/SDL2-2.0.8/i686-w64-mingw32/lib" />
				</Linker>
			</Target>
			<Target title="Release">
				<Option output="bin/Release/tetris" prefix_auto="1" extension_auto="1" />
				<Option object_output="obj/Release/" />
				<Option type="1" />
				<Option compiler="gcc" />
				<Compiler>
					<Add option="-O2" />
					<Add directory="include" />
					<Add directory="Tetrisv1.6/include" />
				</Compiler>
				<Linker>
					<Add option="-s" />
				</Linker>
			</Target>
		</Build>
		<Compiler>
			<Add option="-Wall" />
			<Add option="-fexceptions" />
		</Compiler>
		<Unit filename="../console/console.cpp" />
		<Unit filename="../console/console.h" />
		<Unit filename="include/Block.h" />
		<Unit filename="include/BlockState.h" />
		<Unit filename="include/Bricks.h" />
		<Unit filename="include/DrawScreen.h" />
		<Unit filename="include/GameLoop.h" />
		<Unit filename="include/GameState.h" />
		<Unit filename="include/Menu.h" />
		<Unit filename="include/MoveBrick.h" />
		<Unit filename="include/Player.h" />
		<Unit filename="include/ToolOfGameLoop.h" />
		<Unit filename="main.cpp" />
		<Unit filename="src/BlockState.cpp" />
		<Unit filename="src/Bricks.cpp" />
		<Unit filename="src/DrawScreen.cpp" />
		<Unit filename="src/GameLoop.cpp" />
		<Unit filename="src/Menu.cpp" />
		<Unit filename="src/MoveBrick.cpp" />
		<Unit filename="src/Player.cpp" />
		<Unit filename="src/ToolOfGameLoop.cpp" />
		<Extensions>
			<code_completion />
			<envvars />
			<debugger />
			<lib_finder disable_auto="1" />
		</Extensions>
	</Project>
</CodeBlocks_project_file>
